
Microsoft Visual Studio Solution File, Format Version 12.00
Project("{F2A71F9B-5D33-465A-A702-920D77279786}") = "RuleEngine", "..\RuleEngine\RuleEngine.fsproj", "{D5D31B2E-775D-4067-9162-CEF2B2640B64}"
EndProject
Project("{FAE04EC0-301F-11D3-BF4B-00C04F79EFBC}") = "RuleEngineCalledV2", "..\RuleEngineCalledV2\RuleEngineCalledV2.csproj", "{B3F6577B-7B24-428A-929F-69D0ADD90F4B}"
EndProject
Global
	GlobalSection(SolutionConfigurationPlatforms) = preSolution
		Debug|Any CPU = Debug|Any CPU
		Release|Any CPU = Release|Any CPU
	EndGlobalSection
	GlobalSection(ProjectConfigurationPlatforms) = postSolution
		{D5D31B2E-775D-4067-9162-CEF2B2640B64}.Debug|Any CPU.ActiveCfg = Debug|Any CPU
		{D5D31B2E-775D-4067-9162-CEF2B2640B64}.Debug|Any CPU.Build.0 = Debug|Any CPU
		{D5D31B2E-775D-4067-9162-CEF2B2640B64}.Release|Any CPU.ActiveCfg = Release|Any CPU
		{D5D31B2E-775D-4067-9162-CEF2B2640B64}.Release|Any CPU.Build.0 = Release|Any CPU
		{B3F6577B-7B24-428A-929F-69D0ADD90F4B}.Debug|Any CPU.ActiveCfg = Debug|Any CPU
		{B3F6577B-7B24-428A-929F-69D0ADD90F4B}.Debug|Any CPU.Build.0 = Debug|Any CPU
		{B3F6577B-7B24-428A-929F-69D0ADD90F4B}.Release|Any CPU.ActiveCfg = Release|Any CPU
		{B3F6577B-7B24-428A-929F-69D0ADD90F4B}.Release|Any CPU.Build.0 = Release|Any CPU
	EndGlobalSection
EndGlobal
